
Microsoft Visual Studio Solution File, Format Version 12.00
# Visual Studio Version 17
VisualStudioVersion = 17.5.33414.496
MinimumVisualStudioVersion = 10.0.40219.1
Project("{8BC9CEB8-8B4A-11D0-8D11-00A0C91BC942}") = "CJPSOmronFins", "CJPSOmronFins\CJPSOmronFins.vcxproj", "{50D93BF3-32F4-4336-AF63-BF2AB3861C17}"
EndProject
Project("{8BC9CEB8-8B4A-11D0-8D11-00A0C91BC942}") = "ConsoleAppFinsDllTest", "ConsoleAppFinsDllTest\ConsoleAppFinsDllTest.vcxproj", "{EDA7279B-7EE4-45D4-9F34-5110ED460D71}"
	ProjectSection(ProjectDependencies) = postProject
		{50D93BF3-32F4-4336-AF63-BF2AB3861C17} = {50D93BF3-32F4-4336-AF63-BF2AB3861C17}
	EndProjectSection
EndProject
Project("{8BC9CEB8-8B4A-11D0-8D11-00A0C91BC942}") = "ConsoleAppJustTest", "ConsoleAppJustTest\ConsoleAppJustTest.vcxproj", "{08327843-34C9-40A5-ABEE-D34A69830A64}"
EndProject
Project("{FAE04EC0-301F-11D3-BF4B-00C04F79EFBC}") = "OmronFinsViewerCS", "OmronFinsViewerCS\OmronFinsViewerCS.csproj", "{A6A9003A-1B30-4D78-85BF-F137C69BB452}"
EndProject
Project("{8BC9CEB8-8B4A-11D0-8D11-00A0C91BC942}") = "FindHostIP", "FindHostIP\FindHostIP.vcxproj", "{3EEB45B1-8C1D-447E-B63D-8D85849BED73}"
EndProject
Project("{FAE04EC0-301F-11D3-BF4B-00C04F79EFBC}") = "WpfControlLibrary", "WpfControlLibraryJoyStick\WpfControlLibrary.csproj", "{B9108E89-207E-4E41-A0F9-8AD9143147B9}"
EndProject
Global
	GlobalSection(SolutionConfigurationPlatforms) = preSolution
		Debug|Any CPU = Debug|Any CPU
		Debug|x64 = Debug|x64
		Debug|x86 = Debug|x86
		Release|Any CPU = Release|Any CPU
		Release|x64 = Release|x64
		Release|x86 = Release|x86
	EndGlobalSection
	GlobalSection(ProjectConfigurationPlatforms) = postSolution
		{50D93BF3-32F4-4336-AF63-BF2AB3861C17}.Debug|Any CPU.ActiveCfg = Debug|x64
		{50D93BF3-32F4-4336-AF63-BF2AB3861C17}.Debug|Any CPU.Build.0 = Debug|x64
		{50D93BF3-32F4-4336-AF63-BF2AB3861C17}.Debug|x64.ActiveCfg = Debug|x64
		{50D93BF3-32F4-4336-AF63-BF2AB3861C17}.Debug|x64.Build.0 = Debug|x64
		{50D93BF3-32F4-4336-AF63-BF2AB3861C17}.Debug|x86.ActiveCfg = Debug|Win32
		{50D93BF3-32F4-4336-AF63-BF2AB3861C17}.Debug|x86.Build.0 = Debug|Win32
		{50D93BF3-32F4-4336-AF63-BF2AB3861C17}.Release|Any CPU.ActiveCfg = Release|x64
		{50D93BF3-32F4-4336-AF63-BF2AB3861C17}.Release|Any CPU.Build.0 = Release|x64
		{50D93BF3-32F4-4336-AF63-BF2AB3861C17}.Release|x64.ActiveCfg = Release|x64
		{50D93BF3-32F4-4336-AF63-BF2AB3861C17}.Release|x64.Build.0 = Release|x64
		{50D93BF3-32F4-4336-AF63-BF2AB3861C17}.Release|x86.ActiveCfg = Release|Win32
		{50D93BF3-32F4-4336-AF63-BF2AB3861C17}.Release|x86.Build.0 = Release|Win32
		{EDA7279B-7EE4-45D4-9F34-5110ED460D71}.Debug|Any CPU.ActiveCfg = Debug|x64
		{EDA7279B-7EE4-45D4-9F34-5110ED460D71}.Debug|Any CPU.Build.0 = Debug|x64
		{EDA7279B-7EE4-45D4-9F34-5110ED460D71}.Debug|x64.ActiveCfg = Debug|x64
		{EDA7279B-7EE4-45D4-9F34-5110ED460D71}.Debug|x64.Build.0 = Debug|x64
		{EDA7279B-7EE4-45D4-9F34-5110ED460D71}.Debug|x86.ActiveCfg = Debug|Win32
		{EDA7279B-7EE4-45D4-9F34-5110ED460D71}.Debug|x86.Build.0 = Debug|Win32
		{EDA7279B-7EE4-45D4-9F34-5110ED460D71}.Release|Any CPU.ActiveCfg = Release|x64
		{EDA7279B-7EE4-45D4-9F34-5110ED460D71}.Release|Any CPU.Build.0 = Release|x64
		{EDA7279B-7EE4-45D4-9F34-5110ED460D71}.Release|x64.ActiveCfg = Release|x64
		{EDA7279B-7EE4-45D4-9F34-5110ED460D71}.Release|x64.Build.0 = Release|x64
		{EDA7279B-7EE4-45D4-9F34-5110ED460D71}.Release|x86.ActiveCfg = Release|Win32
		{EDA7279B-7EE4-45D4-9F34-5110ED460D71}.Release|x86.Build.0 = Release|Win32
		{08327843-34C9-40A5-ABEE-D34A69830A64}.Debug|Any CPU.ActiveCfg = Debug|x64
		{08327843-34C9-40A5-ABEE-D34A69830A64}.Debug|Any CPU.Build.0 = Debug|x64
		{08327843-34C9-40A5-ABEE-D34A69830A64}.Debug|x64.ActiveCfg = Debug|x64
		{08327843-34C9-40A5-ABEE-D34A69830A64}.Debug|x64.Build.0 = Debug|x64
		{08327843-34C9-40A5-ABEE-D34A69830A64}.Debug|x86.ActiveCfg = Debug|Win32
		{08327843-34C9-40A5-ABEE-D34A69830A64}.Debug|x86.Build.0 = Debug|Win32
		{08327843-34C9-40A5-ABEE-D34A69830A64}.Release|Any CPU.ActiveCfg = Release|x64
		{08327843-34C9-40A5-ABEE-D34A69830A64}.Release|Any CPU.Build.0 = Release|x64
		{08327843-34C9-40A5-ABEE-D34A69830A64}.Release|x64.ActiveCfg = Release|x64
		{08327843-34C9-40A5-ABEE-D34A69830A64}.Release|x64.Build.0 = Release|x64
		{08327843-34C9-40A5-ABEE-D34A69830A64}.Release|x86.ActiveCfg = Release|Win32
		{08327843-34C9-40A5-ABEE-D34A69830A64}.Release|x86.Build.0 = Release|Win32
		{A6A9003A-1B30-4D78-85BF-F137C69BB452}.Debug|Any CPU.ActiveCfg = Debug|Any CPU
		{A6A9003A-1B30-4D78-85BF-F137C69BB452}.Debug|Any CPU.Build.0 = Debug|Any CPU
		{A6A9003A-1B30-4D78-85BF-F137C69BB452}.Debug|x64.ActiveCfg = Debug|Any CPU
		{A6A9003A-1B30-4D78-85BF-F137C69BB452}.Debug|x64.Build.0 = Debug|Any CPU
		{A6A9003A-1B30-4D78-85BF-F137C69BB452}.Debug|x86.ActiveCfg = Debug|Any CPU
		{A6A9003A-1B30-4D78-85BF-F137C69BB452}.Debug|x86.Build.0 = Debug|Any CPU
		{A6A9003A-1B30-4D78-85BF-F137C69BB452}.Release|Any CPU.ActiveCfg = Release|Any CPU
		{A6A9003A-1B30-4D78-85BF-F137C69BB452}.Release|Any CPU.Build.0 = Release|Any CPU
		{A6A9003A-1B30-4D78-85BF-F137C69BB452}.Release|x64.ActiveCfg = Release|Any CPU
		{A6A9003A-1B30-4D78-85BF-F137C69BB452}.Release|x64.Build.0 = Release|Any CPU
		{A6A9003A-1B30-4D78-85BF-F137C69BB452}.Release|x86.ActiveCfg = Release|Any CPU
		{A6A9003A-1B30-4D78-85BF-F137C69BB452}.Release|x86.Build.0 = Release|Any CPU
		{3EEB45B1-8C1D-447E-B63D-8D85849BED73}.Debug|Any CPU.ActiveCfg = Debug|x64
		{3EEB45B1-8C1D-447E-B63D-8D85849BED73}.Debug|Any CPU.Build.0 = Debug|x64
		{3EEB45B1-8C1D-447E-B63D-8D85849BED73}.Debug|x64.ActiveCfg = Debug|x64
		{3EEB45B1-8C1D-447E-B63D-8D85849BED73}.Debug|x64.Build.0 = Debug|x64
		{3EEB45B1-8C1D-447E-B63D-8D85849BED73}.Debug|x86.ActiveCfg = Debug|Win32
		{3EEB45B1-8C1D-447E-B63D-8D85849BED73}.Debug|x86.Build.0 = Debug|Win32
		{3EEB45B1-8C1D-447E-B63D-8D85849BED73}.Release|Any CPU.ActiveCfg = Release|x64
		{3EEB45B1-8C1D-447E-B63D-8D85849BED73}.Release|Any CPU.Build.0 = Release|x64
		{3EEB45B1-8C1D-447E-B63D-8D85849BED73}.Release|x64.ActiveCfg = Release|x64
		{3EEB45B1-8C1D-447E-B63D-8D85849BED73}.Release|x64.Build.0 = Release|x64
		{3EEB45B1-8C1D-447E-B63D-8D85849BED73}.Release|x86.ActiveCfg = Release|Win32
		{3EEB45B1-8C1D-447E-B63D-8D85849BED73}.Release|x86.Build.0 = Release|Win32
		{B9108E89-207E-4E41-A0F9-8AD9143147B9}.Debug|Any CPU.ActiveCfg = Debug|Any CPU
		{B9108E89-207E-4E41-A0F9-8AD9143147B9}.Debug|Any CPU.Build.0 = Debug|Any CPU
		{B9108E89-207E-4E41-A0F9-8AD9143147B9}.Debug|x64.ActiveCfg = Debug|Any CPU
		{B9108E89-207E-4E41-A0F9-8AD9143147B9}.Debug|x64.Build.0 = Debug|Any CPU
		{B9108E89-207E-4E41-A0F9-8AD9143147B9}.Debug|x86.ActiveCfg = Debug|Any CPU
		{B9108E89-207E-4E41-A0F9-8AD9143147B9}.Debug|x86.Build.0 = Debug|Any CPU
		{B9108E89-207E-4E41-A0F9-8AD9143147B9}.Release|Any CPU.ActiveCfg = Release|Any CPU
		{B9108E89-207E-4E41-A0F9-8AD9143147B9}.Release|Any CPU.Build.0 = Release|Any CPU
		{B9108E89-207E-4E41-A0F9-8AD9143147B9}.Release|x64.ActiveCfg = Release|Any CPU
		{B9108E89-207E-4E41-A0F9-8AD9143147B9}.Release|x64.Build.0 = Release|Any CPU
		{B9108E89-207E-4E41-A0F9-8AD9143147B9}.Release|x86.ActiveCfg = Release|Any CPU
		{B9108E89-207E-4E41-A0F9-8AD9143147B9}.Release|x86.Build.0 = Release|Any CPU
	EndGlobalSection
	GlobalSection(SolutionProperties) = preSolution
		HideSolutionNode = FALSE
	EndGlobalSection
	GlobalSection(ExtensibilityGlobals) = postSolution
		SolutionGuid = {5C1A1137-9C43-4327-9B09-06232E5E7861}
	EndGlobalSection
EndGlobal
