
Microsoft Visual Studio Solution File, Format Version 12.00
# Visual Studio Version 17
VisualStudioVersion = 17.5.33414.496
MinimumVisualStudioVersion = 10.0.40219.1
Project("{8BC9CEB8-8B4A-11D0-8D11-00A0C91BC942}") = "CJPSOmronFins", "CJPSOmronFins\CJPSOmronFins.vcxproj", "{50D93BF3-32F4-4336-AF63-BF2AB3861C17}"
EndProject
Project("{8BC9CEB8-8B4A-11D0-8D11-00A0C91BC942}") = "ConsoleAppFinsDllTest", "ConsoleAppFinsDllTest\ConsoleAppFinsDllTest.vcxproj", "{EDA7279B-7EE4-45D4-9F34-5110ED460D71}"
	ProjectSection(ProjectDependencies) = postProject
		{50D93BF3-32F4-4336-AF63-BF2AB3861C17} = {50D93BF3-32F4-4336-AF63-BF2AB3861C17}
	EndProjectSection
EndProject
Project("{8BC9CEB8-8B4A-11D0-8D11-00A0C91BC942}") = "ConsoleAppJustTest", "ConsoleAppJustTest\ConsoleAppJustTest.vcxproj", "{08327843-34C9-40A5-ABEE-D34A69830A64}"
EndProject
Global
	GlobalSection(SolutionConfigurationPlatforms) = preSolution
		Debug|x64 = Debug|x64
		Debug|x86 = Debug|x86
		Release|x64 = Release|x64
		Release|x86 = Release|x86
	EndGlobalSection
	GlobalSection(ProjectConfigurationPlatforms) = postSolution
		{50D93BF3-32F4-4336-AF63-BF2AB3861C17}.Debug|x64.ActiveCfg = Debug|x64
		{50D93BF3-32F4-4336-AF63-BF2AB3861C17}.Debug|x64.Build.0 = Debug|x64
		{50D93BF3-32F4-4336-AF63-BF2AB3861C17}.Debug|x86.ActiveCfg = Debug|Win32
		{50D93BF3-32F4-4336-AF63-BF2AB3861C17}.Debug|x86.Build.0 = Debug|Win32
		{50D93BF3-32F4-4336-AF63-BF2AB3861C17}.Release|x64.ActiveCfg = Release|x64
		{50D93BF3-32F4-4336-AF63-BF2AB3861C17}.Release|x64.Build.0 = Release|x64
		{50D93BF3-32F4-4336-AF63-BF2AB3861C17}.Release|x86.ActiveCfg = Release|Win32
		{50D93BF3-32F4-4336-AF63-BF2AB3861C17}.Release|x86.Build.0 = Release|Win32
		{EDA7279B-7EE4-45D4-9F34-5110ED460D71}.Debug|x64.ActiveCfg = Debug|x64
		{EDA7279B-7EE4-45D4-9F34-5110ED460D71}.Debug|x64.Build.0 = Debug|x64
		{EDA7279B-7EE4-45D4-9F34-5110ED460D71}.Debug|x86.ActiveCfg = Debug|Win32
		{EDA7279B-7EE4-45D4-9F34-5110ED460D71}.Debug|x86.Build.0 = Debug|Win32
		{EDA7279B-7EE4-45D4-9F34-5110ED460D71}.Release|x64.ActiveCfg = Release|x64
		{EDA7279B-7EE4-45D4-9F34-5110ED460D71}.Release|x64.Build.0 = Release|x64
		{EDA7279B-7EE4-45D4-9F34-5110ED460D71}.Release|x86.ActiveCfg = Release|Win32
		{EDA7279B-7EE4-45D4-9F34-5110ED460D71}.Release|x86.Build.0 = Release|Win32
		{08327843-34C9-40A5-ABEE-D34A69830A64}.Debug|x64.ActiveCfg = Debug|x64
		{08327843-34C9-40A5-ABEE-D34A69830A64}.Debug|x64.Build.0 = Debug|x64
		{08327843-34C9-40A5-ABEE-D34A69830A64}.Debug|x86.ActiveCfg = Debug|Win32
		{08327843-34C9-40A5-ABEE-D34A69830A64}.Debug|x86.Build.0 = Debug|Win32
		{08327843-34C9-40A5-ABEE-D34A69830A64}.Release|x64.ActiveCfg = Release|x64
		{08327843-34C9-40A5-ABEE-D34A69830A64}.Release|x64.Build.0 = Release|x64
		{08327843-34C9-40A5-ABEE-D34A69830A64}.Release|x86.ActiveCfg = Release|Win32
		{08327843-34C9-40A5-ABEE-D34A69830A64}.Release|x86.Build.0 = Release|Win32
	EndGlobalSection
	GlobalSection(SolutionProperties) = preSolution
		HideSolutionNode = FALSE
	EndGlobalSection
	GlobalSection(ExtensibilityGlobals) = postSolution
		SolutionGuid = {5C1A1137-9C43-4327-9B09-06232E5E7861}
	EndGlobalSection
EndGlobal
